
Microsoft Visual Studio Solution File, Format Version 12.00
# Visual Studio Version 17
VisualStudioVersion = 17.11.35327.3
MinimumVisualStudioVersion = 10.0.40219.1
Project("{FAE04EC0-301F-11D3-BF4B-00C04F79EFBC}") = "console_app", "console_app.csproj", "{A3EEA654-6B81-447F-930C-70D482144E04}"
EndProject
Global
	GlobalSection(SolutionConfigurationPlatforms) = preSolution
		Debug|Any CPU = Debug|Any CPU
		Release|Any CPU = Release|Any CPU
	EndGlobalSection
	GlobalSection(ProjectConfigurationPlatforms) = postSolution
		{A3EEA654-6B81-447F-930C-70D482144E04}.Debug|Any CPU.ActiveCfg = Debug|Any CPU
		{A3EEA654-6B81-447F-930C-70D482144E04}.Debug|Any CPU.Build.0 = Debug|Any CPU
		{A3EEA654-6B81-447F-930C-70D482144E04}.Release|Any CPU.ActiveCfg = Release|Any CPU
		{A3EEA654-6B81-447F-930C-70D482144E04}.Release|Any CPU.Build.0 = Release|Any CPU
	EndGlobalSection
	GlobalSection(SolutionProperties) = preSolution
		HideSolutionNode = FALSE
	EndGlobalSection
	GlobalSection(ExtensibilityGlobals) = postSolution
		SolutionGuid = {3FD455EB-B7B2-467F-9F45-63681957220E}
	EndGlobalSection
EndGlobal
